
Microsoft Visual Studio Solution File, Format Version 12.00
# Visual Studio Version 17
VisualStudioVersion = 17.11.35219.272
MinimumVisualStudioVersion = 10.0.40219.1
Project("{FAE04EC0-301F-11D3-BF4B-00C04F79EFBC}") = "Elif", "Elif\Elif.csproj", "{14C60A6D-B52A-46B2-B616-ED1E8DA5371C}"
EndProject
Global
	GlobalSection(SolutionConfigurationPlatforms) = preSolution
		Debug|Any CPU = Debug|Any CPU
		Release|Any CPU = Release|Any CPU
	EndGlobalSection
	GlobalSection(ProjectConfigurationPlatforms) = postSolution
		{14C60A6D-B52A-46B2-B616-ED1E8DA5371C}.Debug|Any CPU.ActiveCfg = Debug|Any CPU
		{14C60A6D-B52A-46B2-B616-ED1E8DA5371C}.Debug|Any CPU.Build.0 = Debug|Any CPU
		{14C60A6D-B52A-46B2-B616-ED1E8DA5371C}.Release|Any CPU.ActiveCfg = Release|Any CPU
		{14C60A6D-B52A-46B2-B616-ED1E8DA5371C}.Release|Any CPU.Build.0 = Release|Any CPU
	EndGlobalSection
	GlobalSection(SolutionProperties) = preSolution
		HideSolutionNode = FALSE
	EndGlobalSection
	GlobalSection(ExtensibilityGlobals) = postSolution
		SolutionGuid = {39BA6499-17B9-4FCC-B767-C6460477DD84}
	EndGlobalSection
EndGlobal
